{
  "name": "langchain-genai-demo",
  "version": "1.0.0",
  "lockfileVersion": 1,
  "requires": true,
  "dependencies": {
    "@anthropic-ai/sdk": {
      "version": "0.4.4",
      "resolved": "https://artifactory.g.devqa.gcp.dev.paypalinc.com/artifactory/api/npm/npm-all/@anthropic-ai/sdk/-/sdk-0.4.4.tgz",
      "integrity": "sha1-fal6MPimmkTi4Y7B+KDeqKZW8Lk=",
      "requires": {
        "@fortaine/fetch-event-source": "^3.0.6",
        "cross-fetch": "^3.1.5"
      }
    },
    "@fortaine/fetch-event-source": {
      "version": "3.0.6",
      "resolved": "https://artifactory.g.devqa.gcp.dev.paypalinc.com/artifactory/api/npm/npm-all/@fortaine/fetch-event-source/-/fetch-event-source-3.0.6.tgz",
      "integrity": "sha1-uFUqLKLFIC9Wmbk6kr4BiNQisG4="
    },
    "@types/retry": {
      "version": "0.12.0",
      "resolved": "https://artifactory.g.devqa.gcp.dev.paypalinc.com/artifactory/api/npm/npm-all/@types/retry/-/retry-0.12.0.tgz",
      "integrity": "sha1-KzXsz87n04zXKtmSMvvVi/+zyE0="
    },
    "@types/uuid": {
      "version": "9.0.2",
      "resolved": "https://artifactory.g.devqa.gcp.dev.paypalinc.com/artifactory/api/npm/npm-all/@types/uuid/-/uuid-9.0.2.tgz",
      "integrity": "sha1-7eHRseRRVI1EkZ3CJiU+MqaVLEs="
    },
    "ansi-styles": {
      "version": "5.2.0",
      "resolved": "https://artifactory.g.devqa.gcp.dev.paypalinc.com/artifactory/api/npm/npm-all/ansi-styles/-/ansi-styles-5.2.0.tgz",
      "integrity": "sha1-B0SWkK1Fd30ZJKwquy/IiV26g2s="
    },
    "argparse": {
      "version": "2.0.1",
      "resolved": "https://artifactory.g.devqa.gcp.dev.paypalinc.com/artifactory/api/npm/npm-all/argparse/-/argparse-2.0.1.tgz",
      "integrity": "sha1-JG9Q88p4oyQPbJl+ipvR6sSeSzg="
    },
    "asynckit": {
      "version": "0.4.0",
      "resolved": "https://artifactory.g.devqa.gcp.dev.paypalinc.com/artifactory/api/npm/npm-all/asynckit/-/asynckit-0.4.0.tgz",
      "integrity": "sha1-x57Zf380y48robyXkLzDZkdLS3k="
    },
    "axios": {
      "version": "0.26.1",
      "resolved": "https://artifactory.g.devqa.gcp.dev.paypalinc.com/artifactory/api/npm/npm-all/axios/-/axios-0.26.1.tgz",
      "integrity": "sha1-Ht5BxR/PUbu9b9Q2acqqTwSVqqk=",
      "requires": {
        "follow-redirects": "^1.14.8"
      }
    },
    "base64-js": {
      "version": "1.5.1",
      "resolved": "https://artifactory.g.devqa.gcp.dev.paypalinc.com/artifactory/api/npm/npm-all/base64-js/-/base64-js-1.5.1.tgz",
      "integrity": "sha1-GxtEAWClv3rUC2UPCVljSBkDkwo="
    },
    "binary-extensions": {
      "version": "2.2.0",
      "resolved": "https://artifactory.g.devqa.gcp.dev.paypalinc.com/artifactory/api/npm/npm-all/binary-extensions/-/binary-extensions-2.2.0.tgz",
      "integrity": "sha1-dfUC7q+f/eQvyYgpZFvk6na9ni0="
    },
    "binary-search": {
      "version": "1.3.6",
      "resolved": "https://artifactory.g.devqa.gcp.dev.paypalinc.com/artifactory/api/npm/npm-all/binary-search/-/binary-search-1.3.6.tgz",
      "integrity": "sha1-4yQmAWoMUJLw81mINqHH2jVgVlw="
    },
    "bindings": {
      "version": "1.5.0",
      "resolved": "https://artifactory.g.devqa.gcp.dev.paypalinc.com/artifactory/api/npm/npm-all/bindings/-/bindings-1.5.0.tgz",
      "integrity": "sha1-EDU8npRTNLwFEabZCzj7x8nFBN8=",
      "requires": {
        "file-uri-to-path": "1.0.0"
      }
    },
    "camelcase": {
      "version": "6.3.0",
      "resolved": "https://artifactory.g.devqa.gcp.dev.paypalinc.com/artifactory/api/npm/npm-all/camelcase/-/camelcase-6.3.0.tgz",
      "integrity": "sha1-VoW5XrIJrJwMF3Rnd4ychN9Yupo="
    },
    "combined-stream": {
      "version": "1.0.8",
      "resolved": "https://artifactory.g.devqa.gcp.dev.paypalinc.com/artifactory/api/npm/npm-all/combined-stream/-/combined-stream-1.0.8.tgz",
      "integrity": "sha1-w9RaizT9cwYxoRCoolIGgrMdWn8=",
      "requires": {
        "delayed-stream": "~1.0.0"
      }
    },
    "commander": {
      "version": "10.0.1",
      "resolved": "https://artifactory.g.devqa.gcp.dev.paypalinc.com/artifactory/api/npm/npm-all/commander/-/commander-10.0.1.tgz",
      "integrity": "sha1-iB7ka0930cHczFgjQzqjmwIsvgY="
    },
    "cross-fetch": {
      "version": "3.1.8",
      "resolved": "https://artifactory.g.devqa.gcp.dev.paypalinc.com/artifactory/api/npm/npm-all/cross-fetch/-/cross-fetch-3.1.8.tgz",
      "integrity": "sha1-Ayfrpl/Win0Rn4+yv5M0oaeVb4I=",
      "requires": {
        "node-fetch": "^2.6.12"
      }
    },
    "decamelize": {
      "version": "1.2.0",
      "resolved": "https://artifactory.g.devqa.gcp.dev.paypalinc.com/artifactory/api/npm/npm-all/decamelize/-/decamelize-1.2.0.tgz",
      "integrity": "sha1-9lNNFRSCabIDUue+4m9QH5oZEpA="
    },
    "delayed-stream": {
      "version": "1.0.0",
      "resolved": "https://artifactory.g.devqa.gcp.dev.paypalinc.com/artifactory/api/npm/npm-all/delayed-stream/-/delayed-stream-1.0.0.tgz",
      "integrity": "sha1-3zrhmayt+31ECqrgsp4icrJOxhk="
    },
    "dotenv": {
      "version": "16.3.1",
      "resolved": "https://artifactory.g.devqa.gcp.dev.paypalinc.com/artifactory/api/npm/npm-all/dotenv/-/dotenv-16.3.1.tgz",
      "integrity": "sha1-NpA03n1+WxIJcmkzUqO/ESFyzD4="
    },
    "eventemitter3": {
      "version": "4.0.7",
      "resolved": "https://artifactory.g.devqa.gcp.dev.paypalinc.com/artifactory/api/npm/npm-all/eventemitter3/-/eventemitter3-4.0.7.tgz",
      "integrity": "sha1-Lem2j2Uo1WRO9cWVJqG0oHMGFp8="
    },
    "expr-eval": {
      "version": "2.0.2",
      "resolved": "https://artifactory.g.devqa.gcp.dev.paypalinc.com/artifactory/api/npm/npm-all/expr-eval/-/expr-eval-2.0.2.tgz",
      "integrity": "sha1-+m8ESnsMk/3oMJVOucWw9/vH4gE="
    },
    "file-uri-to-path": {
      "version": "1.0.0",
      "resolved": "https://artifactory.g.devqa.gcp.dev.paypalinc.com/artifactory/api/npm/npm-all/file-uri-to-path/-/file-uri-to-path-1.0.0.tgz",
      "integrity": "sha1-VTp7hEb/b2hDWcRF8eN6BdrMM90="
    },
    "flat": {
      "version": "5.0.2",
      "resolved": "https://artifactory.g.devqa.gcp.dev.paypalinc.com/artifactory/api/npm/npm-all/flat/-/flat-5.0.2.tgz",
      "integrity": "sha1-jKb+MyBp/6nTJMMnGYxZglnOskE="
    },
    "follow-redirects": {
      "version": "1.15.2",
      "resolved": "https://artifactory.g.devqa.gcp.dev.paypalinc.com/artifactory/api/npm/npm-all/follow-redirects/-/follow-redirects-1.15.2.tgz",
      "integrity": "sha1-tGCGQUS6Y/JoEJbydMTlcCbaLBM="
    },
    "form-data": {
      "version": "4.0.0",
      "resolved": "https://artifactory.g.devqa.gcp.dev.paypalinc.com/artifactory/api/npm/npm-all/form-data/-/form-data-4.0.0.tgz",
      "integrity": "sha1-k5Gdrq82HuUpWEubMWZNwSyfpFI=",
      "requires": {
        "asynckit": "^0.4.0",
        "combined-stream": "^1.0.8",
        "mime-types": "^2.1.12"
      }
    },
    "hnswlib-node": {
      "version": "1.4.2",
      "resolved": "https://artifactory.g.devqa.gcp.dev.paypalinc.com/artifactory/api/npm/npm-all/hnswlib-node/-/hnswlib-node-1.4.2.tgz",
      "integrity": "sha1-YQs585dcMQT5umX1aTqDFrCLWHs=",
      "requires": {
        "bindings": "^1.5.0",
        "node-addon-api": "^6.0.0"
      }
    },
    "is-any-array": {
      "version": "2.0.1",
      "resolved": "https://artifactory.g.devqa.gcp.dev.paypalinc.com/artifactory/api/npm/npm-all/is-any-array/-/is-any-array-2.0.1.tgz",
      "integrity": "sha1-kjMkKpwJgiApCqLsKPgsp/p5iZ4="
    },
    "js-tiktoken": {
      "version": "1.0.7",
      "resolved": "https://artifactory.g.devqa.gcp.dev.paypalinc.com/artifactory/api/npm/npm-all/js-tiktoken/-/js-tiktoken-1.0.7.tgz",
      "integrity": "sha1-VpM/zSCT6DBAYN/eMHG9qRgS5vU=",
      "requires": {
        "base64-js": "^1.5.1"
      }
    },
    "js-yaml": {
      "version": "4.1.0",
      "resolved": "https://artifactory.g.devqa.gcp.dev.paypalinc.com/artifactory/api/npm/npm-all/js-yaml/-/js-yaml-4.1.0.tgz",
      "integrity": "sha1-wftl+PUBeQHN0slRhkuhhFihBgI=",
      "requires": {
        "argparse": "^2.0.1"
      }
    },
    "jsonpointer": {
      "version": "5.0.1",
      "resolved": "https://artifactory.g.devqa.gcp.dev.paypalinc.com/artifactory/api/npm/npm-all/jsonpointer/-/jsonpointer-5.0.1.tgz",
      "integrity": "sha1-IRDgrwkA/TdGe1kH7NE6eIShtVk="
    },
    "langchain": {
      "version": "0.0.102",
      "resolved": "https://artifactory.g.devqa.gcp.dev.paypalinc.com/artifactory/api/npm/npm-all/langchain/-/langchain-0.0.102.tgz",
      "integrity": "sha1-dOOXT2zSxm+y3UZM1OmFSAydjNo=",
      "requires": {
        "@anthropic-ai/sdk": "^0.4.3",
        "ansi-styles": "^5.0.0",
        "binary-extensions": "^2.2.0",
        "camelcase": "6",
        "decamelize": "^1.2.0",
        "expr-eval": "^2.0.2",
        "flat": "^5.0.2",
        "js-tiktoken": "^1.0.7",
        "js-yaml": "^4.1.0",
        "jsonpointer": "^5.0.1",
        "langchainplus-sdk": "^0.0.15",
        "ml-distance": "^4.0.0",
        "object-hash": "^3.0.0",
        "openai": "^3.3.0",
        "openapi-types": "^12.1.3",
        "p-queue": "^6.6.2",
        "p-retry": "4",
        "uuid": "^9.0.0",
        "yaml": "^2.2.1",
        "zod": "^3.21.4",
        "zod-to-json-schema": "^3.20.4"
      }
    },
    "langchainplus-sdk": {
      "version": "0.0.15",
      "resolved": "https://artifactory.g.devqa.gcp.dev.paypalinc.com/artifactory/api/npm/npm-all/langchainplus-sdk/-/langchainplus-sdk-0.0.15.tgz",
      "integrity": "sha1-IWI312q0iWznRUK46C7ledo/2+A=",
      "requires": {
        "@types/uuid": "^9.0.1",
        "commander": "^10.0.1",
        "p-queue": "^6.6.2",
        "p-retry": "4",
        "uuid": "^9.0.0"
      }
    },
    "mime-db": {
      "version": "1.52.0",
      "resolved": "https://artifactory.g.devqa.gcp.dev.paypalinc.com/artifactory/api/npm/npm-all/mime-db/-/mime-db-1.52.0.tgz",
      "integrity": "sha1-u6vNwChZ9JhzAchW4zh85exDv3A="
    },
    "mime-types": {
      "version": "2.1.35",
      "resolved": "https://artifactory.g.devqa.gcp.dev.paypalinc.com/artifactory/api/npm/npm-all/mime-types/-/mime-types-2.1.35.tgz",
      "integrity": "sha1-OBqHG2KnNEUGYK497uRIE/cNlZo=",
      "requires": {
        "mime-db": "1.52.0"
      }
    },
    "ml-array-mean": {
      "version": "1.1.6",
      "resolved": "https://artifactory.g.devqa.gcp.dev.paypalinc.com/artifactory/api/npm/npm-all/ml-array-mean/-/ml-array-mean-1.1.6.tgz",
      "integrity": "sha1-2VGnANyOOhez4KWDwsZKvQxhnFY=",
      "requires": {
        "ml-array-sum": "^1.1.6"
      }
    },
    "ml-array-sum": {
      "version": "1.1.6",
      "resolved": "https://artifactory.g.devqa.gcp.dev.paypalinc.com/artifactory/api/npm/npm-all/ml-array-sum/-/ml-array-sum-1.1.6.tgz",
      "integrity": "sha1-0dicIHk80pw3sJ1A6FaBqkUVqVU=",
      "requires": {
        "is-any-array": "^2.0.0"
      }
    },
    "ml-distance": {
      "version": "4.0.1",
      "resolved": "https://artifactory.g.devqa.gcp.dev.paypalinc.com/artifactory/api/npm/npm-all/ml-distance/-/ml-distance-4.0.1.tgz",
      "integrity": "sha1-R0HRehc1iIxTiII3Yicd/mBL0Bk=",
      "requires": {
        "ml-array-mean": "^1.1.6",
        "ml-distance-euclidean": "^2.0.0",
        "ml-tree-similarity": "^1.0.0"
      }
    },
    "ml-distance-euclidean": {
      "version": "2.0.0",
      "resolved": "https://artifactory.g.devqa.gcp.dev.paypalinc.com/artifactory/api/npm/npm-all/ml-distance-euclidean/-/ml-distance-euclidean-2.0.0.tgz",
      "integrity": "sha1-OmaNI2ZJ0bj+yWOAuUNcb0LJqBc="
    },
    "ml-tree-similarity": {
      "version": "1.0.0",
      "resolved": "https://artifactory.g.devqa.gcp.dev.paypalinc.com/artifactory/api/npm/npm-all/ml-tree-similarity/-/ml-tree-similarity-1.0.0.tgz",
      "integrity": "sha1-JHBaEH4ygp4k2UXochnokhWcU/A=",
      "requires": {
        "binary-search": "^1.3.5",
        "num-sort": "^2.0.0"
      }
    },
    "node": {
      "version": "18.16.0",
      "resolved": "https://artifactory.g.devqa.gcp.dev.paypalinc.com/artifactory/api/npm/npm-all/node/-/node-18.16.0.tgz",
      "integrity": "sha1-lfoOSLho1tilnYqGdSsC1foRQUo=",
      "requires": {
        "node-bin-setup": "^1.0.0"
      }
    },
    "node-addon-api": {
      "version": "6.1.0",
      "resolved": "https://artifactory.g.devqa.gcp.dev.paypalinc.com/artifactory/api/npm/npm-all/node-addon-api/-/node-addon-api-6.1.0.tgz",
      "integrity": "sha1-rIRwA05Y5n0MbxIEoYrmmV2cDXY="
    },
    "node-bin-setup": {
      "version": "1.1.3",
      "resolved": "https://artifactory.g.devqa.gcp.dev.paypalinc.com/artifactory/api/npm/npm-all/node-bin-setup/-/node-bin-setup-1.1.3.tgz",
      "integrity": "sha1-1F1SIOOy7MOpQmOlYRb3J/bBuxQ="
    },
    "node-fetch": {
      "version": "2.6.12",
      "resolved": "https://artifactory.g.devqa.gcp.dev.paypalinc.com/artifactory/api/npm/npm-all/node-fetch/-/node-fetch-2.6.12.tgz",
      "integrity": "sha1-AuuOIgdAGOPVqDAWZJ0E3w40j7o=",
      "requires": {
        "whatwg-url": "^5.0.0"
      }
    },
    "num-sort": {
      "version": "2.1.0",
      "resolved": "https://artifactory.g.devqa.gcp.dev.paypalinc.com/artifactory/api/npm/npm-all/num-sort/-/num-sort-2.1.0.tgz",
      "integrity": "sha1-HLs3rtBxMp/fQRUSWLwBGJhXeps="
    },
    "object-hash": {
      "version": "3.0.0",
      "resolved": "https://artifactory.g.devqa.gcp.dev.paypalinc.com/artifactory/api/npm/npm-all/object-hash/-/object-hash-3.0.0.tgz",
      "integrity": "sha1-c/l/dT57r/wOLMnW4HkHl0Ssguk="
    },
    "openai": {
      "version": "3.3.0",
      "resolved": "https://artifactory.g.devqa.gcp.dev.paypalinc.com/artifactory/api/npm/npm-all/openai/-/openai-3.3.0.tgz",
      "integrity": "sha1-pkCAFq0JRXOOH+v0Py/MyoOj9TI=",
      "requires": {
        "axios": "^0.26.0",
        "form-data": "^4.0.0"
      }
    },
    "openapi-types": {
      "version": "12.1.3",
      "resolved": "https://artifactory.g.devqa.gcp.dev.paypalinc.com/artifactory/api/npm/npm-all/openapi-types/-/openapi-types-12.1.3.tgz",
      "integrity": "sha1-RxmV6ybEuXt701aqz3uRtz53fdM="
    },
    "p-finally": {
      "version": "1.0.0",
      "resolved": "https://artifactory.g.devqa.gcp.dev.paypalinc.com/artifactory/api/npm/npm-all/p-finally/-/p-finally-1.0.0.tgz",
      "integrity": "sha1-P7z7FbiZpEEjs0ttzBi3JDNqLK4="
    },
    "p-queue": {
      "version": "6.6.2",
      "resolved": "https://artifactory.g.devqa.gcp.dev.paypalinc.com/artifactory/api/npm/npm-all/p-queue/-/p-queue-6.6.2.tgz",
      "integrity": "sha1-IGip3PjmfdDsPnory3aBD6qF5CY=",
      "requires": {
        "eventemitter3": "^4.0.4",
        "p-timeout": "^3.2.0"
      }
    },
    "p-retry": {
      "version": "4.6.2",
      "resolved": "https://artifactory.g.devqa.gcp.dev.paypalinc.com/artifactory/api/npm/npm-all/p-retry/-/p-retry-4.6.2.tgz",
      "integrity": "sha1-m6rnGEBX7dThcjHO4EJkEG4JKhY=",
      "requires": {
        "@types/retry": "0.12.0",
        "retry": "^0.13.1"
      }
    },
    "p-timeout": {
      "version": "3.2.0",
      "resolved": "https://artifactory.g.devqa.gcp.dev.paypalinc.com/artifactory/api/npm/npm-all/p-timeout/-/p-timeout-3.2.0.tgz",
      "integrity": "sha1-x+F6vJcdKnli74NiazXWNazyPf4=",
      "requires": {
        "p-finally": "^1.0.0"
      }
    },
    "retry": {
      "version": "0.13.1",
      "resolved": "https://artifactory.g.devqa.gcp.dev.paypalinc.com/artifactory/api/npm/npm-all/retry/-/retry-0.13.1.tgz",
      "integrity": "sha1-GFsVh6z2eRnWOzVzSeA1N7JIRlg="
    },
    "tr46": {
      "version": "0.0.3",
      "resolved": "https://artifactory.g.devqa.gcp.dev.paypalinc.com/artifactory/api/npm/npm-all/tr46/-/tr46-0.0.3.tgz",
      "integrity": "sha1-gYT9NH2snNwYWZLzpmIuFLnZq2o="
    },
    "uuid": {
      "version": "9.0.0",
      "resolved": "https://artifactory.g.devqa.gcp.dev.paypalinc.com/artifactory/api/npm/npm-all/uuid/-/uuid-9.0.0.tgz",
      "integrity": "sha1-WS9VBlACSjjOsMVi8vaqQ1dh77U="
    },
    "webidl-conversions": {
      "version": "3.0.1",
      "resolved": "https://artifactory.g.devqa.gcp.dev.paypalinc.com/artifactory/api/npm/npm-all/webidl-conversions/-/webidl-conversions-3.0.1.tgz",
      "integrity": "sha1-JFNCdeKnvGvnvIZhHMFq4KVlSHE="
    },
    "whatwg-url": {
      "version": "5.0.0",
      "resolved": "https://artifactory.g.devqa.gcp.dev.paypalinc.com/artifactory/api/npm/npm-all/whatwg-url/-/whatwg-url-5.0.0.tgz",
      "integrity": "sha1-lmRU6HZUYuN2RNNib2dCzotwll0=",
      "requires": {
        "tr46": "~0.0.3",
        "webidl-conversions": "^3.0.0"
      }
    },
    "yaml": {
      "version": "2.3.1",
      "resolved": "https://artifactory.g.devqa.gcp.dev.paypalinc.com/artifactory/api/npm/npm-all/yaml/-/yaml-2.3.1.tgz",
      "integrity": "sha1-Av4JddI81EEkKqcgTgn8KKwqwzs="
    },
    "zod": {
      "version": "3.21.4",
      "resolved": "https://artifactory.g.devqa.gcp.dev.paypalinc.com/artifactory/api/npm/npm-all/zod/-/zod-3.21.4.tgz",
      "integrity": "sha1-EIgiMdmSUZ8KELXdWKOMnau7ZNs="
    },
    "zod-to-json-schema": {
      "version": "3.21.3",
      "resolved": "https://artifactory.g.devqa.gcp.dev.paypalinc.com/artifactory/api/npm/npm-all/zod-to-json-schema/-/zod-to-json-schema-3.21.3.tgz",
      "integrity": "sha1-LOQIYFcCF5ea1clzTi4t9xd4SFk="
    }
  }
}
